
Microsoft Visual Studio Solution File, Format Version 12.00
# Visual Studio Version 17
VisualStudioVersion = 17.2.32526.322
MinimumVisualStudioVersion = 10.0.40219.1
Project("{FAE04EC0-301F-11D3-BF4B-00C04F79EFBC}") = "Zoom", "Zoom\Zoom.csproj", "{28DD0C79-97E9-4958-9CB6-CBF122A61C7E}"
EndProject
Global
	GlobalSection(SolutionConfigurationPlatforms) = preSolution
		Debug|Any CPU = Debug|Any CPU
		Release|Any CPU = Release|Any CPU
	EndGlobalSection
	GlobalSection(ProjectConfigurationPlatforms) = postSolution
		{28DD0C79-97E9-4958-9CB6-CBF122A61C7E}.Debug|Any CPU.ActiveCfg = Debug|Any CPU
		{28DD0C79-97E9-4958-9CB6-CBF122A61C7E}.Debug|Any CPU.Build.0 = Debug|Any CPU
		{28DD0C79-97E9-4958-9CB6-CBF122A61C7E}.Release|Any CPU.ActiveCfg = Release|Any CPU
		{28DD0C79-97E9-4958-9CB6-CBF122A61C7E}.Release|Any CPU.Build.0 = Release|Any CPU
	EndGlobalSection
	GlobalSection(SolutionProperties) = preSolution
		HideSolutionNode = FALSE
	EndGlobalSection
	GlobalSection(ExtensibilityGlobals) = postSolution
		SolutionGuid = {A8E538F8-18E4-47B5-BD4B-5DC574B63CD0}
	EndGlobalSection
EndGlobal
